
Microsoft Visual Studio Solution File, Format Version 12.00
# Visual Studio Version 16
VisualStudioVersion = 16.6.30114.105
MinimumVisualStudioVersion = 10.0.40219.1
Project("{2150E333-8FDC-42A3-9474-1A3956D46DE8}") = "src", "src", "{4C9A26C4-1F27-4D4F-BE62-503980D8DC31}"
EndProject
Project("{FAE04EC0-301F-11D3-BF4B-00C04F79EFBC}") = "Polyrific.Security.CookiePolicy", "src\Polyrific.Security.CookiePolicy\Polyrific.Security.CookiePolicy.csproj", "{F685029B-F8BE-4CD0-A649-146A847A2F5F}"
EndProject
Global
	GlobalSection(SolutionConfigurationPlatforms) = preSolution
		Debug|Any CPU = Debug|Any CPU
		Release|Any CPU = Release|Any CPU
	EndGlobalSection
	GlobalSection(ProjectConfigurationPlatforms) = postSolution
		{F685029B-F8BE-4CD0-A649-146A847A2F5F}.Debug|Any CPU.ActiveCfg = Debug|Any CPU
		{F685029B-F8BE-4CD0-A649-146A847A2F5F}.Debug|Any CPU.Build.0 = Debug|Any CPU
		{F685029B-F8BE-4CD0-A649-146A847A2F5F}.Release|Any CPU.ActiveCfg = Release|Any CPU
		{F685029B-F8BE-4CD0-A649-146A847A2F5F}.Release|Any CPU.Build.0 = Release|Any CPU
	EndGlobalSection
	GlobalSection(SolutionProperties) = preSolution
		HideSolutionNode = FALSE
	EndGlobalSection
	GlobalSection(NestedProjects) = preSolution
		{F685029B-F8BE-4CD0-A649-146A847A2F5F} = {4C9A26C4-1F27-4D4F-BE62-503980D8DC31}
	EndGlobalSection
	GlobalSection(ExtensibilityGlobals) = postSolution
		SolutionGuid = {C511EA8F-3BCA-4790-A1E5-BB38D8FE5D00}
	EndGlobalSection
EndGlobal
